{
  "requires": true,
  "lockfileVersion": 1,
  "dependencies": {
    "lodash": {
      "version": "4.17.15",
      "resolved": "https://registry.npmjs.org/lodash/-/lodash-4.17.15.tgz",
      "integrity": "sha512-8xOcRHvCjnocdS5cpwXQXVzmmh5e5+saE2QGoeQmbKmRS6J3VQppPOIt0MnmE+4xlZoumy0GPG0D0MVIQbNA1A=="
    },
    "paths-js": {
      "version": "0.4.10",
      "resolved": "https://registry.npmjs.org/paths-js/-/paths-js-0.4.10.tgz",
      "integrity": "sha512-JZoqlRSHtx+bc+xKI9o4bropEbqZBF4ZfYImiB1T9RYpHB73h5I8XZ7FfSBbHbBMtdD1c04ujjAPH8wUuu4+Gw=="
    },
    "point-in-polygon": {
      "version": "1.0.1",
      "resolved": "https://registry.npmjs.org/point-in-polygon/-/point-in-polygon-1.0.1.tgz",
      "integrity": "sha1-1Ztk6P7kHElFiqyCtWcYxZV7Kvc="
    },
    "react-native-chart-kit": {
      "version": "5.4.0",
      "resolved": "https://registry.npmjs.org/react-native-chart-kit/-/react-native-chart-kit-5.4.0.tgz",
      "integrity": "sha512-1IVob+UegOA0MzLpFtFZ+RXXloJ8INd78A6gzfNpo8oM0x4zIQGGS0OAvjVZrw5HgmyRDkGttvNUuNPeEs92Hw==",
      "requires": {
        "lodash": "^4.17.13",
        "paths-js": "^0.4.10",
        "point-in-polygon": "^1.0.1"
      }
    }
  }
}
